
Microsoft Visual Studio Solution File, Format Version 12.00
# Visual Studio Version 17
VisualStudioVersion = 17.13.35818.85 d17.13
MinimumVisualStudioVersion = 10.0.40219.1
Project("{FAE04EC0-301F-11D3-BF4B-00C04F79EFBC}") = "RBT.Kentico.Xperience.Custom.Widgets.GoogleMap", "RBT.Kentico.Xperience.Custom.Widgets.GoogleMap.csproj", "{69521C91-7B4F-86EF-B5DA-C9F5FEA1CFCE}"
EndProject
Global
	GlobalSection(SolutionConfigurationPlatforms) = preSolution
		Debug|Any CPU = Debug|Any CPU
		Release|Any CPU = Release|Any CPU
	EndGlobalSection
	GlobalSection(ProjectConfigurationPlatforms) = postSolution
		{69521C91-7B4F-86EF-B5DA-C9F5FEA1CFCE}.Debug|Any CPU.ActiveCfg = Debug|Any CPU
		{69521C91-7B4F-86EF-B5DA-C9F5FEA1CFCE}.Debug|Any CPU.Build.0 = Debug|Any CPU
		{69521C91-7B4F-86EF-B5DA-C9F5FEA1CFCE}.Release|Any CPU.ActiveCfg = Release|Any CPU
		{69521C91-7B4F-86EF-B5DA-C9F5FEA1CFCE}.Release|Any CPU.Build.0 = Release|Any CPU
	EndGlobalSection
	GlobalSection(SolutionProperties) = preSolution
		HideSolutionNode = FALSE
	EndGlobalSection
	GlobalSection(ExtensibilityGlobals) = postSolution
		SolutionGuid = {C5556D12-8B7A-44E8-BAA2-75E701396DEA}
	EndGlobalSection
EndGlobal
